
Microsoft Visual Studio Solution File, Format Version 12.00
# Visual Studio Version 17
VisualStudioVersion = 17.5.33530.505
MinimumVisualStudioVersion = 10.0.40219.1
Project("{FAE04EC0-301F-11D3-BF4B-00C04F79EFBC}") = "LOONACIA.Wpf", "LOONACIA.Wpf\LOONACIA.Wpf.csproj", "{0242C9CA-B188-4496-8CA2-E6AE82BE61ED}"
EndProject
Global
	GlobalSection(SolutionConfigurationPlatforms) = preSolution
		Debug|Any CPU = Debug|Any CPU
		Release|Any CPU = Release|Any CPU
	EndGlobalSection
	GlobalSection(ProjectConfigurationPlatforms) = postSolution
		{0242C9CA-B188-4496-8CA2-E6AE82BE61ED}.Debug|Any CPU.ActiveCfg = Debug|Any CPU
		{0242C9CA-B188-4496-8CA2-E6AE82BE61ED}.Debug|Any CPU.Build.0 = Debug|Any CPU
		{0242C9CA-B188-4496-8CA2-E6AE82BE61ED}.Release|Any CPU.ActiveCfg = Release|Any CPU
		{0242C9CA-B188-4496-8CA2-E6AE82BE61ED}.Release|Any CPU.Build.0 = Release|Any CPU
	EndGlobalSection
	GlobalSection(SolutionProperties) = preSolution
		HideSolutionNode = FALSE
	EndGlobalSection
	GlobalSection(ExtensibilityGlobals) = postSolution
		SolutionGuid = {03A7A203-7845-4D59-836F-ED460C078C43}
	EndGlobalSection
EndGlobal
